
Microsoft Visual Studio Solution File, Format Version 12.00
# Visual Studio Version 17
VisualStudioVersion = 17.7.34031.279
MinimumVisualStudioVersion = 10.0.40219.1
Project("{FAE04EC0-301F-11D3-BF4B-00C04F79EFBC}") = "Werken met arrays", "Werken met arrays.csproj", "{C3EDE9DE-AFAB-409B-839B-71142C4307CE}"
EndProject
Global
	GlobalSection(SolutionConfigurationPlatforms) = preSolution
		Debug|Any CPU = Debug|Any CPU
		Release|Any CPU = Release|Any CPU
	EndGlobalSection
	GlobalSection(ProjectConfigurationPlatforms) = postSolution
		{C3EDE9DE-AFAB-409B-839B-71142C4307CE}.Debug|Any CPU.ActiveCfg = Debug|Any CPU
		{C3EDE9DE-AFAB-409B-839B-71142C4307CE}.Debug|Any CPU.Build.0 = Debug|Any CPU
		{C3EDE9DE-AFAB-409B-839B-71142C4307CE}.Release|Any CPU.ActiveCfg = Release|Any CPU
		{C3EDE9DE-AFAB-409B-839B-71142C4307CE}.Release|Any CPU.Build.0 = Release|Any CPU
	EndGlobalSection
	GlobalSection(SolutionProperties) = preSolution
		HideSolutionNode = FALSE
	EndGlobalSection
	GlobalSection(ExtensibilityGlobals) = postSolution
		SolutionGuid = {35D3D0E4-52D9-46D2-A230-98FD62B04E64}
	EndGlobalSection
EndGlobal
